# THIS IS AN AUTOGENERATED FILE. DO NOT EDIT THIS FILE DIRECTLY.
# yarn lockfile v1


"@tensorflow-models/posenet@2.2.1":
  version "2.2.1"
  resolved "https://registry.yarnpkg.com/@tensorflow-models/posenet/-/posenet-2.2.1.tgz#2f0a68d909842f59eec195f23c6f3d4cebc53fa8"
  integrity sha512-n9/g6DfjAyrBTf/zt1haRCyWsgALxUCzg9/Ks3Y2mbYavRZVSCSTRPy/qlE5Hr4tLfyckGfDN14zmGTthNcg/g==

"@tensorflow/tfjs-backend-cpu@2.0.1":
  version "2.0.1"
  resolved "https://registry.yarnpkg.com/@tensorflow/tfjs-backend-cpu/-/tfjs-backend-cpu-2.0.1.tgz#959a5bbc7f956ff37c4fbced2db75cd299ce76c4"
  integrity sha512-ZTDdq+O6AgeOrkek42gmPWz2T0r8Y6dBGjEFWkCMLI/5v3KnkodUkHRQOUoIN5hiaPXnBp6425DpwT9CfxxJOg==
  dependencies:
    "@types/seedrandom" "2.4.27"
    seedrandom "2.4.3"

"@tensorflow/tfjs-backend-webgl@2.0.1":
  version "2.0.1"
  resolved "https://registry.yarnpkg.com/@tensorflow/tfjs-backend-webgl/-/tfjs-backend-webgl-2.0.1.tgz#08eaff7fe9a7533b4d62475ec6220e843962af89"
  integrity sha512-Z0MNsbHyRBr2lHu4FKtmBgGGfmBOqB0zwN69d2uSEEvy/IsgtrGAwBVbB/Vv3hEK35RmgsaknKGergNugm23FQ==
  dependencies:
    "@tensorflow/tfjs-backend-cpu" "2.0.1"
    "@types/offscreencanvas" "~2019.3.0"
    "@types/seedrandom" "2.4.27"
    "@types/webgl-ext" "0.0.30"
    "@types/webgl2" "0.0.4"
    seedrandom "2.4.3"

"@tensorflow/tfjs-converter@2.0.1":
  version "2.0.1"
  resolved "https://registry.yarnpkg.com/@tensorflow/tfjs-converter/-/tfjs-converter-2.0.1.tgz#0696455e6b6ed14e6f5f9cd937f8f2015a16569f"
  integrity sha512-AI4oUZ3Tv8l7fXeuLNJ3/vIp8shMo/VmtBlhIJye8i5FwMqSlZf984q3Jk6ES4lOxUdkmDehILf7uVNQX2Yb/w==

"@tensorflow/tfjs-core@2.0.1":
  version "2.0.1"
  resolved "https://registry.yarnpkg.com/@tensorflow/tfjs-core/-/tfjs-core-2.0.1.tgz#c64928423028e9e1821f7205367b1ff1f57ae3af"
  integrity sha512-LCmEXeGFgR3ai+ywGDYBqt4aCOSzEBlVKEflF1gAT22YcQuYh+/X4f58jY3yXfC+cn/FfIJFc2uj8b+D0MNWLQ==
  dependencies:
    "@types/offscreencanvas" "~2019.3.0"
    "@types/seedrandom" "2.4.27"
    "@types/webgl-ext" "0.0.30"
    "@types/webgl2" "0.0.4"
    node-fetch "~2.1.2"
    seedrandom "2.4.3"

"@types/offscreencanvas@~2019.3.0":
  version "2019.3.0"
  resolved "https://registry.yarnpkg.com/@types/offscreencanvas/-/offscreencanvas-2019.3.0.tgz#3336428ec7e9180cf4566dfea5da04eb586a6553"
  integrity sha512-esIJx9bQg+QYF0ra8GnvfianIY8qWB0GBx54PK5Eps6m+xTj86KLavHv6qDhzKcu5UUOgNfJ2pWaIIV7TRUd9Q==

"@types/seedrandom@2.4.27":
  version "2.4.27"
  resolved "https://registry.yarnpkg.com/@types/seedrandom/-/seedrandom-2.4.27.tgz#9db563937dd86915f69092bc43259d2f48578e41"
  integrity sha1-nbVjk33YaRX2kJK8QyWdL0hXjkE=

"@types/webgl-ext@0.0.30":
  version "0.0.30"
  resolved "https://registry.yarnpkg.com/@types/webgl-ext/-/webgl-ext-0.0.30.tgz#0ce498c16a41a23d15289e0b844d945b25f0fb9d"
  integrity sha512-LKVgNmBxN0BbljJrVUwkxwRYqzsAEPcZOe6S2T6ZaBDIrFp0qu4FNlpc5sM1tGbXUYFgdVQIoeLk1Y1UoblyEg==

"@types/webgl2@0.0.4":
  version "0.0.4"
  resolved "https://registry.yarnpkg.com/@types/webgl2/-/webgl2-0.0.4.tgz#c3b0f9d6b465c66138e84e64cb3bdf8373c2c279"
  integrity sha512-PACt1xdErJbMUOUweSrbVM7gSIYm1vTncW2hF6Os/EeWi6TXYAYMPp+8v6rzHmypE5gHrxaxZNXgMkJVIdZpHw==

fetch-wechat@0.0.3:
  version "0.0.3"
  resolved "https://registry.yarnpkg.com/fetch-wechat/-/fetch-wechat-0.0.3.tgz#2789c332a24bf9f4114b580c02d2934646e74f12"
  integrity sha512-uEvCnHSaM53AjYmtiU8n7dB3RO4JX4RBxF3lXNf+cBHr5NRclmTAr5XiRtLL2lSdBcRwvLixhnjwCRJhyEKZgQ==

node-fetch@~2.1.2:
  version "2.1.2"
  resolved "https://registry.yarnpkg.com/node-fetch/-/node-fetch-2.1.2.tgz#ab884e8e7e57e38a944753cec706f788d1768bb5"
  integrity sha1-q4hOjn5X44qUR1POxwb3iNF2i7U=

seedrandom@2.4.3:
  version "2.4.3"
  resolved "https://registry.yarnpkg.com/seedrandom/-/seedrandom-2.4.3.tgz#2438504dad33917314bff18ac4d794f16d6aaecc"
  integrity sha1-JDhQTa0zkXMUv/GKxNeU8W1qrsw=

typescript@^3.3.3333:
  version "3.5.1"
  resolved "https://registry.yarnpkg.com/typescript/-/typescript-3.5.1.tgz#ba72a6a600b2158139c5dd8850f700e231464202"
  integrity sha512-64HkdiRv1yYZsSe4xC1WVgamNigVYjlssIoaH2HcZF0+ijsk5YK2g0G34w9wJkze8+5ow4STd22AynfO6ZYYLw==
