# THIS IS AN AUTOGENERATED FILE. DO NOT EDIT THIS FILE DIRECTLY.
# yarn lockfile v1


"@tensorflow/tfjs-backend-cpu@3.5.0":
  version "3.5.0"
  resolved "https://registry.yarnpkg.com/@tensorflow/tfjs-backend-cpu/-/tfjs-backend-cpu-3.5.0.tgz#6058fcefa28931f18d774278f53f0f3176e0f229"
  integrity sha512-aFSbjVLBKV0OpvE4QGSpIvtxhxpqyz09WhnuMZMhxjxCrjrPYbX7gEjXIHvgF8dEs6SX19XUaChgIftyKd2YIQ==
  dependencies:
    "@types/seedrandom" "2.4.27"
    seedrandom "2.4.3"

"@tensorflow/tfjs-backend-webgl@3.5.0":
  version "3.5.0"
  resolved "https://registry.yarnpkg.com/@tensorflow/tfjs-backend-webgl/-/tfjs-backend-webgl-3.5.0.tgz#55160168fd7e21c26f8f84cb06e699ae5c2a41b5"
  integrity sha512-zeuOmfi0wbrZwjUp6M4hsctQvUuQVmO18A8V68xp+u6QC4jp3P5hNdjF7iOiMW/3iNVylYht8MbHYjQLyJAQdw==
  dependencies:
    "@tensorflow/tfjs-backend-cpu" "3.5.0"
    "@types/offscreencanvas" "~2019.3.0"
    "@types/seedrandom" "2.4.27"
    "@types/webgl-ext" "0.0.30"
    "@types/webgl2" "0.0.5"
    seedrandom "2.4.3"

"@tensorflow/tfjs-core@3.5.0":
  version "3.5.0"
  resolved "https://registry.yarnpkg.com/@tensorflow/tfjs-core/-/tfjs-core-3.5.0.tgz#e1ff14f2121208242a192e935f52e86b19be279e"
  integrity sha512-NOs9hY9nj/iPaz2cSrWpq8G07i96/ot+1l1RoBoA1s1cZakb43pLhntm1Mj4vhSxp7dbc/BSs+t6/S+45OZTUA==
  dependencies:
    "@types/offscreencanvas" "~2019.3.0"
    "@types/seedrandom" "2.4.27"
    "@types/webgl-ext" "0.0.30"
    node-fetch "~2.6.1"
    seedrandom "2.4.3"

"@types/offscreencanvas@~2019.3.0":
  version "2019.3.0"
  resolved "https://registry.yarnpkg.com/@types/offscreencanvas/-/offscreencanvas-2019.3.0.tgz#3336428ec7e9180cf4566dfea5da04eb586a6553"

"@types/seedrandom@2.4.27":
  version "2.4.27"
  resolved "https://registry.yarnpkg.com/@types/seedrandom/-/seedrandom-2.4.27.tgz#9db563937dd86915f69092bc43259d2f48578e41"

"@types/webgl-ext@0.0.30":
  version "0.0.30"
  resolved "https://registry.yarnpkg.com/@types/webgl-ext/-/webgl-ext-0.0.30.tgz#0ce498c16a41a23d15289e0b844d945b25f0fb9d"

"@types/webgl2@0.0.5":
  version "0.0.5"
  resolved "https://registry.yarnpkg.com/@types/webgl2/-/webgl2-0.0.5.tgz#dd925e20ab8ace80eb4b1e46fda5b109c508fb0d"
  integrity sha512-oGaKsBbxQOY5+aJFV3KECDhGaXt+yZJt2y/OZsnQGLRkH6Fvr7rv4pCt3SRH1somIHfej/c4u7NSpCyd9x+1Ow==

abab@2.0.0:
  version "2.0.0"
  resolved "https://registry.yarnpkg.com/abab/-/abab-2.0.0.tgz#aba0ab4c5eee2d4c79d3487d85450fb2376ebb0f"

base64-js@1.3.1:
  version "1.3.1"
  resolved "https://registry.yarnpkg.com/base64-js/-/base64-js-1.3.1.tgz#58ece8cb75dd07e71ed08c736abc5fac4dbf8df1"
  integrity sha512-mLQ4i2QO1ytvGWFWmcngKO//JXAQueZvwEKtjgQFM4jIK0kU+ytMfplL8j+n5mspOfjHwoAg+9yhb7BwAHm36g==

miniprogram-api-typings@^3.3.2:
  version "3.3.2"
  resolved "https://registry.yarnpkg.com/miniprogram-api-typings/-/miniprogram-api-typings-3.3.2.tgz#1e6aa65817e6534850141cd2af23eeff6ba61b4e"
  integrity sha512-i8yxwPOGYZ33J/VoJR/mA0Ps2JKuUE6wsn8pdHqKpUrskZuxNsjVf8Z5TPLBisYis3drLdJQ5Gjon8WIwXswYg==

node-fetch@~2.6.1:
  version "2.6.1"
  resolved "https://registry.yarnpkg.com/node-fetch/-/node-fetch-2.6.1.tgz#045bd323631f76ed2e2b55573394416b639a0052"
  integrity sha512-V4aYg89jEoVRxRb2fJdAg8FHvI7cEyYdVAh94HH0UIK8oJxUfkjlDQN9RbMx+bEjP7+ggMiFRprSti032Oipxw==

seedrandom@2.4.3:
  version "2.4.3"
  resolved "https://registry.yarnpkg.com/seedrandom/-/seedrandom-2.4.3.tgz#2438504dad33917314bff18ac4d794f16d6aaecc"

text-encoder@0.0.4:
  version "0.0.4"
  resolved "https://registry.yarnpkg.com/text-encoder/-/text-encoder-0.0.4.tgz#fbee4c6fb251dd02e2f40f9983ddd68c5c166e2c"

typescript@^3.3.3333:
  version "3.3.4000"
  resolved "https://registry.yarnpkg.com/typescript/-/typescript-3.3.4000.tgz#76b0f89cfdbf97827e1112d64f283f1151d6adf0"
