# THIS IS AN AUTOGENERATED FILE. DO NOT EDIT THIS FILE DIRECTLY.
# yarn lockfile v1


"@tensorflow/tfjs-converter@1.0.2":
  version "1.0.2"
  resolved "https://registry.yarnpkg.com/@tensorflow/tfjs-converter/-/tfjs-converter-1.0.2.tgz#eb38a06ddb0788bac2ba3b0a7d448bcb65e43eed"
  integrity sha512-kOq4sou7q488Jafg7fYLbFyt4a/WrRFlDq0m9xG4iLBMQPyXDHCR/B30gPW7GnnX9nCjyRP3AnL0BTltpLk7Qg==

"@tensorflow/tfjs-core@1.0.2":
  version "1.0.2"
  resolved "https://registry.yarnpkg.com/@tensorflow/tfjs-core/-/tfjs-core-1.0.2.tgz#98be72677eccf367b71115067d9c498517da0f89"
  integrity sha512-SJ7HdFfQ9jcDgyj4mMqU5kvfy5yy3X7cuixHrN7cAmlnCcaIVx732HIBHo+krepLMhlCPaMbR3xN2YJmmF5L8A==
  dependencies:
    "@types/seedrandom" "2.4.27"
    "@types/webgl-ext" "0.0.30"
    "@types/webgl2" "0.0.4"
    seedrandom "2.4.3"

"@tensorflow/tfjs-data@1.0.2":
  version "1.0.2"
  resolved "https://registry.yarnpkg.com/@tensorflow/tfjs-data/-/tfjs-data-1.0.2.tgz#de42ac493f11a5b2ade27d08f459cacd61b358f4"
  integrity sha512-qNykMp9S7XX2PDrUBbYwXJTCBZvXtSSLfg0/saABwSJgtBNEL64+oWzaNY/Fd88TtzwQFiv+MzjUFsxzJRx8lQ==
  dependencies:
    "@types/node-fetch" "^2.1.2"
    node-fetch "~2.1.2"
    seedrandom "~2.4.3"

"@tensorflow/tfjs-layers@1.0.2":
  version "1.0.2"
  resolved "https://registry.yarnpkg.com/@tensorflow/tfjs-layers/-/tfjs-layers-1.0.2.tgz#58c604005ff5fd1429e7ad3de36b145e874662ea"
  integrity sha512-tJVshA36msG7w6NmxapN1D3TDd8VaMHvnjYtfiEFS/5ZfJt6jfUthSGr1GYAZtnyPYi6/jB905cGPRLuMluhsg==

"@tensorflow/tfjs@1.0.2":
  version "1.0.2"
  resolved "https://registry.yarnpkg.com/@tensorflow/tfjs/-/tfjs-1.0.2.tgz#d605b72bb819fe703e9e26bce02ef379a73ef802"
  integrity sha512-GJEu7cUoQvBu7oInSdDwJvSizfFv3X5831/98m4Lsh9DofdpWzXuOO7PrQ/ZaU52dAcfcWwvmc+8L2SgZs5LYA==
  dependencies:
    "@tensorflow/tfjs-converter" "1.0.2"
    "@tensorflow/tfjs-core" "1.0.2"
    "@tensorflow/tfjs-data" "1.0.2"
    "@tensorflow/tfjs-layers" "1.0.2"

"@types/node-fetch@^2.1.2":
  version "2.1.7"
  resolved "https://registry.yarnpkg.com/@types/node-fetch/-/node-fetch-2.1.7.tgz#0231559340f6e3f3a0608692077d744c87b5b367"
  integrity sha512-TZozHCDVrs0Aj1B9ZR5F4Q9MknDNcVd+hO5lxXOCzz07ELBey6s1gMUSZHUYHlPfRFKJFXiTnNuD7ePiI6S4/g==
  dependencies:
    "@types/node" "*"

"@types/node@*":
  version "11.11.6"
  resolved "https://registry.yarnpkg.com/@types/node/-/node-11.11.6.tgz#df929d1bb2eee5afdda598a41930fe50b43eaa6a"
  integrity sha512-Exw4yUWMBXM3X+8oqzJNRqZSwUAaS4+7NdvHqQuFi/d+synz++xmX3QIf+BFqneW8N31R8Ky+sikfZUXq07ggQ==

"@types/seedrandom@2.4.27":
  version "2.4.27"
  resolved "https://registry.yarnpkg.com/@types/seedrandom/-/seedrandom-2.4.27.tgz#9db563937dd86915f69092bc43259d2f48578e41"
  integrity sha1-nbVjk33YaRX2kJK8QyWdL0hXjkE=

"@types/webgl-ext@0.0.30":
  version "0.0.30"
  resolved "https://registry.yarnpkg.com/@types/webgl-ext/-/webgl-ext-0.0.30.tgz#0ce498c16a41a23d15289e0b844d945b25f0fb9d"
  integrity sha512-LKVgNmBxN0BbljJrVUwkxwRYqzsAEPcZOe6S2T6ZaBDIrFp0qu4FNlpc5sM1tGbXUYFgdVQIoeLk1Y1UoblyEg==

"@types/webgl2@0.0.4":
  version "0.0.4"
  resolved "https://registry.yarnpkg.com/@types/webgl2/-/webgl2-0.0.4.tgz#c3b0f9d6b465c66138e84e64cb3bdf8373c2c279"
  integrity sha512-PACt1xdErJbMUOUweSrbVM7gSIYm1vTncW2hF6Os/EeWi6TXYAYMPp+8v6rzHmypE5gHrxaxZNXgMkJVIdZpHw==

fetch-wechat@0.0.3:
  version "0.0.3"
  resolved "https://registry.yarnpkg.com/fetch-wechat/-/fetch-wechat-0.0.3.tgz#2789c332a24bf9f4114b580c02d2934646e74f12"
  integrity sha512-uEvCnHSaM53AjYmtiU8n7dB3RO4JX4RBxF3lXNf+cBHr5NRclmTAr5XiRtLL2lSdBcRwvLixhnjwCRJhyEKZgQ==

node-fetch@~2.1.2:
  version "2.1.2"
  resolved "https://registry.yarnpkg.com/node-fetch/-/node-fetch-2.1.2.tgz#ab884e8e7e57e38a944753cec706f788d1768bb5"
  integrity sha1-q4hOjn5X44qUR1POxwb3iNF2i7U=

seedrandom@2.4.3:
  version "2.4.3"
  resolved "https://registry.yarnpkg.com/seedrandom/-/seedrandom-2.4.3.tgz#2438504dad33917314bff18ac4d794f16d6aaecc"
  integrity sha1-JDhQTa0zkXMUv/GKxNeU8W1qrsw=

seedrandom@~2.4.3:
  version "2.4.4"
  resolved "https://registry.yarnpkg.com/seedrandom/-/seedrandom-2.4.4.tgz#b25ea98632c73e45f58b77cfaa931678df01f9ba"
  integrity sha512-9A+PDmgm+2du77B5i0Ip2cxOqqHjgNxnBgglxLcX78A2D6c2rTo61z4jnVABpF4cKeDMDG+cmXXvdnqse2VqMA==

typescript@^3.3.3333:
  version "3.3.3333"
  resolved "https://registry.yarnpkg.com/typescript/-/typescript-3.3.3333.tgz#171b2c5af66c59e9431199117a3bcadc66fdcfd6"
  integrity sha512-JjSKsAfuHBE/fB2oZ8NxtRTk5iGcg6hkYXMnZ3Wc+b2RSqejEqTaem11mHASMnFilHrax3sLK0GDzcJrekZYLw==
